
Microsoft Visual Studio Solution File, Format Version 12.00
# Visual Studio Version 17
VisualStudioVersion = 17.3.32901.215
MinimumVisualStudioVersion = 10.0.40219.1
Project("{9A19103F-16F7-4668-BE54-9A1E7A4F7556}") = "EduCopter.API", "EduCopter.API\EduCopter.API.csproj", "{042E7626-7320-49AE-AA03-58B4C5C18EA8}"
EndProject
Project("{9A19103F-16F7-4668-BE54-9A1E7A4F7556}") = "EduCopter.Domain", "EduCopter.Domain\EduCopter.Domain.csproj", "{60511DD2-1B22-4941-9BB7-96C4D51B4091}"
EndProject
Project("{9A19103F-16F7-4668-BE54-9A1E7A4F7556}") = "EduCopter.Persistency.DataBase", "EduCopter.Persistency.DataBase\EduCopter.Persistency.DataBase.csproj", "{6F5CF6EC-8940-44C8-9BCF-6DF943A6560F}"
EndProject
Global
	GlobalSection(SolutionConfigurationPlatforms) = preSolution
		Debug|Any CPU = Debug|Any CPU
		Release|Any CPU = Release|Any CPU
	EndGlobalSection
	GlobalSection(ProjectConfigurationPlatforms) = postSolution
		{042E7626-7320-49AE-AA03-58B4C5C18EA8}.Debug|Any CPU.ActiveCfg = Debug|Any CPU
		{042E7626-7320-49AE-AA03-58B4C5C18EA8}.Debug|Any CPU.Build.0 = Debug|Any CPU
		{042E7626-7320-49AE-AA03-58B4C5C18EA8}.Release|Any CPU.ActiveCfg = Release|Any CPU
		{042E7626-7320-49AE-AA03-58B4C5C18EA8}.Release|Any CPU.Build.0 = Release|Any CPU
		{60511DD2-1B22-4941-9BB7-96C4D51B4091}.Debug|Any CPU.ActiveCfg = Debug|Any CPU
		{60511DD2-1B22-4941-9BB7-96C4D51B4091}.Debug|Any CPU.Build.0 = Debug|Any CPU
		{60511DD2-1B22-4941-9BB7-96C4D51B4091}.Release|Any CPU.ActiveCfg = Release|Any CPU
		{60511DD2-1B22-4941-9BB7-96C4D51B4091}.Release|Any CPU.Build.0 = Release|Any CPU
		{6F5CF6EC-8940-44C8-9BCF-6DF943A6560F}.Debug|Any CPU.ActiveCfg = Debug|Any CPU
		{6F5CF6EC-8940-44C8-9BCF-6DF943A6560F}.Debug|Any CPU.Build.0 = Debug|Any CPU
		{6F5CF6EC-8940-44C8-9BCF-6DF943A6560F}.Release|Any CPU.ActiveCfg = Release|Any CPU
		{6F5CF6EC-8940-44C8-9BCF-6DF943A6560F}.Release|Any CPU.Build.0 = Release|Any CPU
	EndGlobalSection
	GlobalSection(SolutionProperties) = preSolution
		HideSolutionNode = FALSE
	EndGlobalSection
	GlobalSection(ExtensibilityGlobals) = postSolution
		SolutionGuid = {B96476B7-1B02-4831-A92F-5C2DCA266F82}
	EndGlobalSection
EndGlobal
